
Microsoft Visual Studio Solution File, Format Version 12.00
# Visual Studio 2013
VisualStudioVersion = 12.0.21005.1
MinimumVisualStudioVersion = 10.0.40219.1
Project("{FAE04EC0-301F-11D3-BF4B-00C04F79EFBC}") = "VT.GPLX.VPDK", "VT.GPLX.VPDK\VT.GPLX.VPDK.csproj", "{CE50B617-5517-4EFB-8B09-D05A0F593FF9}"
EndProject
Project("{FAE04EC0-301F-11D3-BF4B-00C04F79EFBC}") = "VT.VPDK.CHINHANH", "VT.VPDK.CHINHANH\VT.VPDK.CHINHANH.csproj", "{DE684110-3B4E-4BD9-86C8-63568AEB8E38}"
EndProject
Project("{FAE04EC0-301F-11D3-BF4B-00C04F79EFBC}") = "VT.VPDK.SOGTVT", "VT.VPDK.SOGTVT\VT.VPDK.SOGTVT.csproj", "{F7642046-07F3-44C2-B0DE-06873746D9C1}"
EndProject
Project("{FAE04EC0-301F-11D3-BF4B-00C04F79EFBC}") = "VT.VPDK.SOGTVT.DataAccess", "VT.VPDK.SOGTVT.DataAccess\VT.VPDK.SOGTVT.DataAccess.csproj", "{38CE3C3C-3E3A-47C8-9C96-004914340153}"
EndProject
Project("{FAE04EC0-301F-11D3-BF4B-00C04F79EFBC}") = "VT.VPDK.CHINHANH.DataAccess", "VT.VPDK.CHINHANH.DataAccess\VT.VPDK.CHINHANH.DataAccess.csproj", "{3587984C-E845-486F-AD6E-33787448E875}"
EndProject
Project("{FAE04EC0-301F-11D3-BF4B-00C04F79EFBC}") = "VT.VPDK.DBConvert", "VT.VPDK.DBConvert\VT.VPDK.DBConvert.csproj", "{ABEF3894-ED29-4035-8281-F51D76FE4222}"
EndProject
Project("{FAE04EC0-301F-11D3-BF4B-00C04F79EFBC}") = "VT.VPDK.DBMapping", "VT.VPDK.DBMapping\VT.VPDK.DBMapping.csproj", "{54B72897-5D9A-4AED-BCC7-656B3DCBFEC6}"
EndProject
Project("{FAE04EC0-301F-11D3-BF4B-00C04F79EFBC}") = "Viettel.ReadJP2", "Viettel.ReadJP2\Viettel.ReadJP2.csproj", "{FA8FBB62-EA7C-4B1D-8CE4-E635019454E0}"
EndProject
Global
	GlobalSection(SolutionConfigurationPlatforms) = preSolution
		Debug|Any CPU = Debug|Any CPU
		Debug|x86 = Debug|x86
		Release|Any CPU = Release|Any CPU
		Release|x86 = Release|x86
	EndGlobalSection
	GlobalSection(ProjectConfigurationPlatforms) = postSolution
		{CE50B617-5517-4EFB-8B09-D05A0F593FF9}.Debug|Any CPU.ActiveCfg = Debug|Any CPU
		{CE50B617-5517-4EFB-8B09-D05A0F593FF9}.Debug|Any CPU.Build.0 = Debug|Any CPU
		{CE50B617-5517-4EFB-8B09-D05A0F593FF9}.Debug|x86.ActiveCfg = Debug|Any CPU
		{CE50B617-5517-4EFB-8B09-D05A0F593FF9}.Release|Any CPU.ActiveCfg = Release|Any CPU
		{CE50B617-5517-4EFB-8B09-D05A0F593FF9}.Release|Any CPU.Build.0 = Release|Any CPU
		{CE50B617-5517-4EFB-8B09-D05A0F593FF9}.Release|x86.ActiveCfg = Release|Any CPU
		{DE684110-3B4E-4BD9-86C8-63568AEB8E38}.Debug|Any CPU.ActiveCfg = Debug|Any CPU
		{DE684110-3B4E-4BD9-86C8-63568AEB8E38}.Debug|Any CPU.Build.0 = Debug|Any CPU
		{DE684110-3B4E-4BD9-86C8-63568AEB8E38}.Debug|x86.ActiveCfg = Debug|Any CPU
		{DE684110-3B4E-4BD9-86C8-63568AEB8E38}.Release|Any CPU.ActiveCfg = Release|Any CPU
		{DE684110-3B4E-4BD9-86C8-63568AEB8E38}.Release|Any CPU.Build.0 = Release|Any CPU
		{DE684110-3B4E-4BD9-86C8-63568AEB8E38}.Release|x86.ActiveCfg = Release|Any CPU
		{F7642046-07F3-44C2-B0DE-06873746D9C1}.Debug|Any CPU.ActiveCfg = Debug|Any CPU
		{F7642046-07F3-44C2-B0DE-06873746D9C1}.Debug|Any CPU.Build.0 = Debug|Any CPU
		{F7642046-07F3-44C2-B0DE-06873746D9C1}.Debug|x86.ActiveCfg = Debug|Any CPU
		{F7642046-07F3-44C2-B0DE-06873746D9C1}.Release|Any CPU.ActiveCfg = Release|Any CPU
		{F7642046-07F3-44C2-B0DE-06873746D9C1}.Release|Any CPU.Build.0 = Release|Any CPU
		{F7642046-07F3-44C2-B0DE-06873746D9C1}.Release|x86.ActiveCfg = Release|Any CPU
		{38CE3C3C-3E3A-47C8-9C96-004914340153}.Debug|Any CPU.ActiveCfg = Debug|Any CPU
		{38CE3C3C-3E3A-47C8-9C96-004914340153}.Debug|Any CPU.Build.0 = Debug|Any CPU
		{38CE3C3C-3E3A-47C8-9C96-004914340153}.Debug|x86.ActiveCfg = Debug|Any CPU
		{38CE3C3C-3E3A-47C8-9C96-004914340153}.Release|Any CPU.ActiveCfg = Release|Any CPU
		{38CE3C3C-3E3A-47C8-9C96-004914340153}.Release|Any CPU.Build.0 = Release|Any CPU
		{38CE3C3C-3E3A-47C8-9C96-004914340153}.Release|x86.ActiveCfg = Release|Any CPU
		{3587984C-E845-486F-AD6E-33787448E875}.Debug|Any CPU.ActiveCfg = Debug|Any CPU
		{3587984C-E845-486F-AD6E-33787448E875}.Debug|Any CPU.Build.0 = Debug|Any CPU
		{3587984C-E845-486F-AD6E-33787448E875}.Debug|x86.ActiveCfg = Debug|Any CPU
		{3587984C-E845-486F-AD6E-33787448E875}.Release|Any CPU.ActiveCfg = Release|Any CPU
		{3587984C-E845-486F-AD6E-33787448E875}.Release|Any CPU.Build.0 = Release|Any CPU
		{3587984C-E845-486F-AD6E-33787448E875}.Release|x86.ActiveCfg = Release|Any CPU
		{ABEF3894-ED29-4035-8281-F51D76FE4222}.Debug|Any CPU.ActiveCfg = Debug|Any CPU
		{ABEF3894-ED29-4035-8281-F51D76FE4222}.Debug|Any CPU.Build.0 = Debug|Any CPU
		{ABEF3894-ED29-4035-8281-F51D76FE4222}.Debug|x86.ActiveCfg = Debug|Any CPU
		{ABEF3894-ED29-4035-8281-F51D76FE4222}.Release|Any CPU.ActiveCfg = Release|Any CPU
		{ABEF3894-ED29-4035-8281-F51D76FE4222}.Release|Any CPU.Build.0 = Release|Any CPU
		{ABEF3894-ED29-4035-8281-F51D76FE4222}.Release|x86.ActiveCfg = Release|Any CPU
		{54B72897-5D9A-4AED-BCC7-656B3DCBFEC6}.Debug|Any CPU.ActiveCfg = Debug|Any CPU
		{54B72897-5D9A-4AED-BCC7-656B3DCBFEC6}.Debug|Any CPU.Build.0 = Debug|Any CPU
		{54B72897-5D9A-4AED-BCC7-656B3DCBFEC6}.Debug|x86.ActiveCfg = Debug|Any CPU
		{54B72897-5D9A-4AED-BCC7-656B3DCBFEC6}.Release|Any CPU.ActiveCfg = Release|Any CPU
		{54B72897-5D9A-4AED-BCC7-656B3DCBFEC6}.Release|Any CPU.Build.0 = Release|Any CPU
		{54B72897-5D9A-4AED-BCC7-656B3DCBFEC6}.Release|x86.ActiveCfg = Release|Any CPU
		{FA8FBB62-EA7C-4B1D-8CE4-E635019454E0}.Debug|Any CPU.ActiveCfg = Debug|Any CPU
		{FA8FBB62-EA7C-4B1D-8CE4-E635019454E0}.Debug|Any CPU.Build.0 = Debug|Any CPU
		{FA8FBB62-EA7C-4B1D-8CE4-E635019454E0}.Debug|x86.ActiveCfg = Debug|x86
		{FA8FBB62-EA7C-4B1D-8CE4-E635019454E0}.Debug|x86.Build.0 = Debug|x86
		{FA8FBB62-EA7C-4B1D-8CE4-E635019454E0}.Release|Any CPU.ActiveCfg = Release|Any CPU
		{FA8FBB62-EA7C-4B1D-8CE4-E635019454E0}.Release|Any CPU.Build.0 = Release|Any CPU
		{FA8FBB62-EA7C-4B1D-8CE4-E635019454E0}.Release|x86.ActiveCfg = Release|x86
		{FA8FBB62-EA7C-4B1D-8CE4-E635019454E0}.Release|x86.Build.0 = Release|x86
	EndGlobalSection
	GlobalSection(SolutionProperties) = preSolution
		HideSolutionNode = FALSE
	EndGlobalSection
EndGlobal
